
Microsoft Visual Studio Solution File, Format Version 12.00
# Visual Studio 14
VisualStudioVersion = 14.0.23107.0
MinimumVisualStudioVersion = 10.0.40219.1
Project("{FAE04EC0-301F-11D3-BF4B-00C04F79EFBC}") = "Tiled2Unity", "src\Tiled2Unity.csproj", "{5100C1BE-DF46-447A-8D7F-0376CABC85B1}"
EndProject
Project("{FAE04EC0-301F-11D3-BF4B-00C04F79EFBC}") = "ThemeColorPicker", "src\ThirdParty\ThemeColorPicker\ThemeColorPicker.csproj", "{A4D1EDB0-61E7-4943-AA8D-E545456BC392}"
EndProject
Global
	GlobalSection(SolutionConfigurationPlatforms) = preSolution
		Debug|Any CPU = Debug|Any CPU
		Debug|Mixed Platforms = Debug|Mixed Platforms
		Debug|x64 = Debug|x64
		Debug|x86 = Debug|x86
		Release|Any CPU = Release|Any CPU
		Release|Mixed Platforms = Release|Mixed Platforms
		Release|x64 = Release|x64
		Release|x86 = Release|x86
		Shipping-WithInstaller|Any CPU = Shipping-WithInstaller|Any CPU
		Shipping-WithInstaller|Mixed Platforms = Shipping-WithInstaller|Mixed Platforms
		Shipping-WithInstaller|x64 = Shipping-WithInstaller|x64
		Shipping-WithInstaller|x86 = Shipping-WithInstaller|x86
	EndGlobalSection
	GlobalSection(ProjectConfigurationPlatforms) = postSolution
		{5100C1BE-DF46-447A-8D7F-0376CABC85B1}.Debug|Any CPU.ActiveCfg = Debug|x86
		{5100C1BE-DF46-447A-8D7F-0376CABC85B1}.Debug|Mixed Platforms.ActiveCfg = Debug|x86
		{5100C1BE-DF46-447A-8D7F-0376CABC85B1}.Debug|Mixed Platforms.Build.0 = Debug|x86
		{5100C1BE-DF46-447A-8D7F-0376CABC85B1}.Debug|x64.ActiveCfg = Debug|x64
		{5100C1BE-DF46-447A-8D7F-0376CABC85B1}.Debug|x64.Build.0 = Debug|x64
		{5100C1BE-DF46-447A-8D7F-0376CABC85B1}.Debug|x86.ActiveCfg = Debug|x86
		{5100C1BE-DF46-447A-8D7F-0376CABC85B1}.Debug|x86.Build.0 = Debug|x86
		{5100C1BE-DF46-447A-8D7F-0376CABC85B1}.Release|Any CPU.ActiveCfg = Release|x86
		{5100C1BE-DF46-447A-8D7F-0376CABC85B1}.Release|Mixed Platforms.ActiveCfg = Release|x86
		{5100C1BE-DF46-447A-8D7F-0376CABC85B1}.Release|Mixed Platforms.Build.0 = Release|x86
		{5100C1BE-DF46-447A-8D7F-0376CABC85B1}.Release|x64.ActiveCfg = Release|x64
		{5100C1BE-DF46-447A-8D7F-0376CABC85B1}.Release|x64.Build.0 = Release|x64
		{5100C1BE-DF46-447A-8D7F-0376CABC85B1}.Release|x86.ActiveCfg = Release|x86
		{5100C1BE-DF46-447A-8D7F-0376CABC85B1}.Release|x86.Build.0 = Release|x86
		{5100C1BE-DF46-447A-8D7F-0376CABC85B1}.Shipping-WithInstaller|Any CPU.ActiveCfg = Shipping-WithInstaller|x86
		{5100C1BE-DF46-447A-8D7F-0376CABC85B1}.Shipping-WithInstaller|Mixed Platforms.ActiveCfg = Shipping-WithInstaller|x86
		{5100C1BE-DF46-447A-8D7F-0376CABC85B1}.Shipping-WithInstaller|Mixed Platforms.Build.0 = Shipping-WithInstaller|x86
		{5100C1BE-DF46-447A-8D7F-0376CABC85B1}.Shipping-WithInstaller|x64.ActiveCfg = Shipping-WithInstaller|x64
		{5100C1BE-DF46-447A-8D7F-0376CABC85B1}.Shipping-WithInstaller|x64.Build.0 = Shipping-WithInstaller|x64
		{5100C1BE-DF46-447A-8D7F-0376CABC85B1}.Shipping-WithInstaller|x86.ActiveCfg = Shipping-WithInstaller|x86
		{5100C1BE-DF46-447A-8D7F-0376CABC85B1}.Shipping-WithInstaller|x86.Build.0 = Shipping-WithInstaller|x86
		{A4D1EDB0-61E7-4943-AA8D-E545456BC392}.Debug|Any CPU.ActiveCfg = Debug|Any CPU
		{A4D1EDB0-61E7-4943-AA8D-E545456BC392}.Debug|Any CPU.Build.0 = Debug|Any CPU
		{A4D1EDB0-61E7-4943-AA8D-E545456BC392}.Debug|Mixed Platforms.ActiveCfg = Debug|Any CPU
		{A4D1EDB0-61E7-4943-AA8D-E545456BC392}.Debug|Mixed Platforms.Build.0 = Debug|Any CPU
		{A4D1EDB0-61E7-4943-AA8D-E545456BC392}.Debug|x64.ActiveCfg = Debug|Any CPU
		{A4D1EDB0-61E7-4943-AA8D-E545456BC392}.Debug|x64.Build.0 = Debug|Any CPU
		{A4D1EDB0-61E7-4943-AA8D-E545456BC392}.Debug|x86.ActiveCfg = Debug|Any CPU
		{A4D1EDB0-61E7-4943-AA8D-E545456BC392}.Release|Any CPU.ActiveCfg = Release|Any CPU
		{A4D1EDB0-61E7-4943-AA8D-E545456BC392}.Release|Any CPU.Build.0 = Release|Any CPU
		{A4D1EDB0-61E7-4943-AA8D-E545456BC392}.Release|Mixed Platforms.ActiveCfg = Release|Any CPU
		{A4D1EDB0-61E7-4943-AA8D-E545456BC392}.Release|Mixed Platforms.Build.0 = Release|Any CPU
		{A4D1EDB0-61E7-4943-AA8D-E545456BC392}.Release|x64.ActiveCfg = Release|Any CPU
		{A4D1EDB0-61E7-4943-AA8D-E545456BC392}.Release|x64.Build.0 = Release|Any CPU
		{A4D1EDB0-61E7-4943-AA8D-E545456BC392}.Release|x86.ActiveCfg = Release|Any CPU
		{A4D1EDB0-61E7-4943-AA8D-E545456BC392}.Shipping-WithInstaller|Any CPU.ActiveCfg = Release|Any CPU
		{A4D1EDB0-61E7-4943-AA8D-E545456BC392}.Shipping-WithInstaller|Any CPU.Build.0 = Release|Any CPU
		{A4D1EDB0-61E7-4943-AA8D-E545456BC392}.Shipping-WithInstaller|Mixed Platforms.ActiveCfg = Release|Any CPU
		{A4D1EDB0-61E7-4943-AA8D-E545456BC392}.Shipping-WithInstaller|Mixed Platforms.Build.0 = Release|Any CPU
		{A4D1EDB0-61E7-4943-AA8D-E545456BC392}.Shipping-WithInstaller|x64.ActiveCfg = Release|Any CPU
		{A4D1EDB0-61E7-4943-AA8D-E545456BC392}.Shipping-WithInstaller|x64.Build.0 = Release|Any CPU
		{A4D1EDB0-61E7-4943-AA8D-E545456BC392}.Shipping-WithInstaller|x86.ActiveCfg = Release|Any CPU
	EndGlobalSection
	GlobalSection(SolutionProperties) = preSolution
		HideSolutionNode = FALSE
	EndGlobalSection
EndGlobal
