
Microsoft Visual Studio Solution File, Format Version 12.00
# Visual Studio 14
VisualStudioVersion = 14.0.23107.0
MinimumVisualStudioVersion = 10.0.40219.1
Project("{FAE04EC0-301F-11D3-BF4B-00C04F79EFBC}") = "Tiled2Unity", "src\Tiled2Unity.csproj", "{5100C1BE-DF46-447A-8D7F-0376CABC85B1}"
	ProjectSection(ProjectDependencies) = postProject
		{ECC813B3-0A2D-4173-B16A-8C026247302C} = {ECC813B3-0A2D-4173-B16A-8C026247302C}
	EndProjectSection
EndProject
Project("{FAE04EC0-301F-11D3-BF4B-00C04F79EFBC}") = "Tiled2UnityLib", "Tiled2UnityLib\Tiled2UnityLib.csproj", "{ECC813B3-0A2D-4173-B16A-8C026247302C}"
EndProject
Global
	GlobalSection(SolutionConfigurationPlatforms) = preSolution
		Debug|x64 = Debug|x64
		Debug|x86 = Debug|x86
		Release|x64 = Release|x64
		Release|x86 = Release|x86
	EndGlobalSection
	GlobalSection(ProjectConfigurationPlatforms) = postSolution
		{5100C1BE-DF46-447A-8D7F-0376CABC85B1}.Debug|x64.ActiveCfg = Debug|x64
		{5100C1BE-DF46-447A-8D7F-0376CABC85B1}.Debug|x64.Build.0 = Debug|x64
		{5100C1BE-DF46-447A-8D7F-0376CABC85B1}.Debug|x86.ActiveCfg = Debug|x86
		{5100C1BE-DF46-447A-8D7F-0376CABC85B1}.Debug|x86.Build.0 = Debug|x86
		{5100C1BE-DF46-447A-8D7F-0376CABC85B1}.Release|x64.ActiveCfg = Release|x64
		{5100C1BE-DF46-447A-8D7F-0376CABC85B1}.Release|x64.Build.0 = Release|x64
		{5100C1BE-DF46-447A-8D7F-0376CABC85B1}.Release|x86.ActiveCfg = Release|x86
		{5100C1BE-DF46-447A-8D7F-0376CABC85B1}.Release|x86.Build.0 = Release|x86
		{ECC813B3-0A2D-4173-B16A-8C026247302C}.Debug|x64.ActiveCfg = Debug|x64
		{ECC813B3-0A2D-4173-B16A-8C026247302C}.Debug|x64.Build.0 = Debug|x64
		{ECC813B3-0A2D-4173-B16A-8C026247302C}.Debug|x86.ActiveCfg = Debug|x86
		{ECC813B3-0A2D-4173-B16A-8C026247302C}.Debug|x86.Build.0 = Debug|x86
		{ECC813B3-0A2D-4173-B16A-8C026247302C}.Release|x64.ActiveCfg = Release|x64
		{ECC813B3-0A2D-4173-B16A-8C026247302C}.Release|x64.Build.0 = Release|x64
		{ECC813B3-0A2D-4173-B16A-8C026247302C}.Release|x86.ActiveCfg = Release|x86
		{ECC813B3-0A2D-4173-B16A-8C026247302C}.Release|x86.Build.0 = Release|x86
	EndGlobalSection
	GlobalSection(SolutionProperties) = preSolution
		HideSolutionNode = FALSE
	EndGlobalSection
EndGlobal
